
Microsoft Visual Studio Solution File, Format Version 12.00
# Visual Studio Version 17
VisualStudioVersion = 17.10.35013.160
MinimumVisualStudioVersion = 10.0.40219.1
Project("{FAE04EC0-301F-11D3-BF4B-00C04F79EFBC}") = "DiscordDotaBot", "DiscordDotaBot\DiscordDotaBot.csproj", "{7D341C67-799D-4EC1-A5BD-258894F8D29A}"
EndProject
Project("{FAE04EC0-301F-11D3-BF4B-00C04F79EFBC}") = "DiscordDotaBotConsole", "DiscordDotaBotConsole\DiscordDotaBotConsole.csproj", "{0A49DEDE-E2C9-4EC0-887F-D3014DB42653}"
EndProject
Global
	GlobalSection(SolutionConfigurationPlatforms) = preSolution
		Debug|Any CPU = Debug|Any CPU
		Release|Any CPU = Release|Any CPU
	EndGlobalSection
	GlobalSection(ProjectConfigurationPlatforms) = postSolution
		{7D341C67-799D-4EC1-A5BD-258894F8D29A}.Debug|Any CPU.ActiveCfg = Debug|Any CPU
		{7D341C67-799D-4EC1-A5BD-258894F8D29A}.Debug|Any CPU.Build.0 = Debug|Any CPU
		{7D341C67-799D-4EC1-A5BD-258894F8D29A}.Release|Any CPU.ActiveCfg = Release|Any CPU
		{7D341C67-799D-4EC1-A5BD-258894F8D29A}.Release|Any CPU.Build.0 = Release|Any CPU
		{0A49DEDE-E2C9-4EC0-887F-D3014DB42653}.Debug|Any CPU.ActiveCfg = Debug|Any CPU
		{0A49DEDE-E2C9-4EC0-887F-D3014DB42653}.Debug|Any CPU.Build.0 = Debug|Any CPU
		{0A49DEDE-E2C9-4EC0-887F-D3014DB42653}.Release|Any CPU.ActiveCfg = Release|Any CPU
		{0A49DEDE-E2C9-4EC0-887F-D3014DB42653}.Release|Any CPU.Build.0 = Release|Any CPU
	EndGlobalSection
	GlobalSection(SolutionProperties) = preSolution
		HideSolutionNode = FALSE
	EndGlobalSection
	GlobalSection(ExtensibilityGlobals) = postSolution
		SolutionGuid = {706C5A49-2629-41D7-B23E-8D30B46A3887}
	EndGlobalSection
EndGlobal
